
Microsoft Visual Studio Solution File, Format Version 12.00
Project("{FAE04EC0-301F-11D3-BF4B-00C04F79EFBC}") = "discord API app", "discord API app.csproj", "{37714712-EB46-4AEE-AFD9-B89767E93860}"
EndProject
Global
	GlobalSection(SolutionConfigurationPlatforms) = preSolution
		Debug|Any CPU = Debug|Any CPU
		Release|Any CPU = Release|Any CPU
	EndGlobalSection
	GlobalSection(ProjectConfigurationPlatforms) = postSolution
		{37714712-EB46-4AEE-AFD9-B89767E93860}.Debug|Any CPU.ActiveCfg = Debug|Any CPU
		{37714712-EB46-4AEE-AFD9-B89767E93860}.Debug|Any CPU.Build.0 = Debug|Any CPU
		{37714712-EB46-4AEE-AFD9-B89767E93860}.Release|Any CPU.ActiveCfg = Release|Any CPU
		{37714712-EB46-4AEE-AFD9-B89767E93860}.Release|Any CPU.Build.0 = Release|Any CPU
	EndGlobalSection
EndGlobal
